{
  "name": "functions",
  "version": "1.0.0",
  "lockfileVersion": 3,
  "requires": true,
  "packages": {
    "": {
      "name": "functions",
      "version": "1.0.0",
      "license": "ISC",
      "dependencies": {
        "nodemailer": "^6.9.1"
      },
      "devDependencies": {
        "@types/aws-lambda": "^8.10.114",
        "@types/node": "^18.15.11",
        "@types/nodemailer": "^6.4.7"
      }
    },
    "node_modules/@types/aws-lambda": {
      "version": "8.10.114",
      "resolved": "https://registry.npmjs.org/@types/aws-lambda/-/aws-lambda-8.10.114.tgz",
      "integrity": "sha512-M8WpEGfC9iQ6V2Ccq6nGIXoQgeVc6z0Ngk8yCOL5V/TYIxshvb0MWQYLFFTZDesL0zmsoBc4OBjG9DB/4rei6w==",
      "dev": true
    },
    "node_modules/@types/node": {
      "version": "18.15.11",
      "resolved": "https://registry.npmjs.org/@types/node/-/node-18.15.11.tgz",
      "integrity": "sha512-E5Kwq2n4SbMzQOn6wnmBjuK9ouqlURrcZDVfbo9ftDDTFt3nk7ZKK4GMOzoYgnpQJKcxwQw+lGaBvvlMo0qN/Q==",
      "dev": true
    },
    "node_modules/@types/nodemailer": {
      "version": "6.4.7",
      "resolved": "https://registry.npmjs.org/@types/nodemailer/-/nodemailer-6.4.7.tgz",
      "integrity": "sha512-f5qCBGAn/f0qtRcd4SEn88c8Fp3Swct1731X4ryPKqS61/A3LmmzN8zaEz7hneJvpjFbUUgY7lru/B/7ODTazg==",
      "dev": true,
      "dependencies": {
        "@types/node": "*"
      }
    },
    "node_modules/nodemailer": {
      "version": "6.9.1",
      "resolved": "https://registry.npmjs.org/nodemailer/-/nodemailer-6.9.1.tgz",
      "integrity": "sha512-qHw7dOiU5UKNnQpXktdgQ1d3OFgRAekuvbJLcdG5dnEo/GtcTHRYM7+UfJARdOFU9WUQO8OiIamgWPmiSFHYAA==",
      "engines": {
        "node": ">=6.0.0"
      }
    }
  }
}
